
Microsoft Visual Studio Solution File, Format Version 12.00
# Visual Studio 15
VisualStudioVersion = 15.0.27428.2015
MinimumVisualStudioVersion = 10.0.40219.1
Project("{FAE04EC0-301F-11D3-BF4B-00C04F79EFBC}") = "Matricks", "Matricks\Matricks.csproj", "{FC9D15F0-8320-4936-AD92-338E42A1B92B}"
EndProject
Global
	GlobalSection(SolutionConfigurationPlatforms) = preSolution
		Debug|Any CPU = Debug|Any CPU
		Release|Any CPU = Release|Any CPU
	EndGlobalSection
	GlobalSection(ProjectConfigurationPlatforms) = postSolution
		{FC9D15F0-8320-4936-AD92-338E42A1B92B}.Debug|Any CPU.ActiveCfg = Debug|Any CPU
		{FC9D15F0-8320-4936-AD92-338E42A1B92B}.Debug|Any CPU.Build.0 = Debug|Any CPU
		{FC9D15F0-8320-4936-AD92-338E42A1B92B}.Release|Any CPU.ActiveCfg = Release|Any CPU
		{FC9D15F0-8320-4936-AD92-338E42A1B92B}.Release|Any CPU.Build.0 = Release|Any CPU
	EndGlobalSection
	GlobalSection(SolutionProperties) = preSolution
		HideSolutionNode = FALSE
	EndGlobalSection
	GlobalSection(ExtensibilityGlobals) = postSolution
		SolutionGuid = {46A30C08-8D56-49AD-9C7A-D3474A2C3C91}
	EndGlobalSection
EndGlobal
